github.com/dgrijalva/jwt-go v1.0.2 h1:KPldsxuKGsS2FPWsNeg9ZO18aCrGKujPoWXn2yo+KQM=
github.com/dgrijalva/jwt-go v3.2.0+incompatible h1:7qlOGliEKZXTDg6OTjfoBKDXWrumCAMpl/TFQ4/5kLM=
github.com/dgrijalva/jwt-go v3.2.0+incompatible/go.mod h1:E3ru+11k8xSBh+hMPgOLZmtrrCbhqsmaPHjLKYnJCaQ=
github.com/tideland/golib v4.24.2+incompatible h1:QYMkA3Sr1G8UWJTDsptrLOUwB6N89ETlVBnK5lZXKAw=
github.com/tideland/golib v4.24.2+incompatible/go.mod h1:HPHOmtCdCHUQiGAVZnlOH5eNTAEmM7R9oCFXdgvkB+Y=
github.com/tideland/gorest v2.15.5+incompatible h1:R19qOZQaCzT0x7ZExRd3avyG39jNLFeq2/HYetctYYo=
github.com/tideland/gorest v2.15.5+incompatible/go.mod h1:iCPpLOEr3tuQa96whkwiNTyYK4u6PTpWRxf5wGAvYLQ=
